// !$*UTF8*$!
{
	archiveVersion = 1;
	classes = {
	};
	objectVersion = 56;
	objects = {

/* Begin PBXBuildFile section */
		B548795D28E47226008CE1C0 /* icon.png in Resources */ = {isa = PBXBuildFile; fileRef = B548795C28E47226008CE1C0 /* icon.png */; };
		B5FA06CB28E4706300BA72B6 /* AppDelegate.swift in Sources */ = {isa = PBXBuildFile; fileRef = B5FA06CA28E4706300BA72B6 /* AppDelegate.swift */; };
		B5FA06CE28E4706300BA72B6 /* Main.storyboard in Resources */ = {isa = PBXBuildFile; fileRef = B5FA06CC28E4706300BA72B6 /* Main.storyboard */; };
		B5FA06E028E4706300BA72B6 /* CloudTempo Extension.appex in Embed Foundation Extensions */ = {isa = PBXBuildFile; fileRef = B5FA06DF28E4706300BA72B6 /* CloudTempo Extension.appex */; settings = {ATTRIBUTES = (RemoveHeadersOnCopy, ); }; };
		B5FA06E728E4706300BA72B6 /* Main.html in Resources */ = {isa = PBXBuildFile; fileRef = B5FA06A928E4706200BA72B6 /* Main.html */; };
		B5FA06E928E4706300BA72B6 /* Icon.png in Resources */ = {isa = PBXBuildFile; fileRef = B5FA06AB28E4706200BA72B6 /* Icon.png */; };
		B5FA06EB28E4706300BA72B6 /* Style.css in Resources */ = {isa = PBXBuildFile; fileRef = B5FA06AC28E4706200BA72B6 /* Style.css */; };
		B5FA06ED28E4706300BA72B6 /* Script.js in Resources */ = {isa = PBXBuildFile; fileRef = B5FA06AD28E4706200BA72B6 /* Script.js */; };
		B5FA06EF28E4706300BA72B6 /* ViewController.swift in Sources */ = {isa = PBXBuildFile; fileRef = B5FA06AE28E4706200BA72B6 /* ViewController.swift */; };
		B5FA06F128E4706300BA72B6 /* Assets.xcassets in Resources */ = {isa = PBXBuildFile; fileRef = B5FA06AF28E4706300BA72B6 /* Assets.xcassets */; };
		B5FA06F328E4706300BA72B6 /* SafariWebExtensionHandler.swift in Sources */ = {isa = PBXBuildFile; fileRef = B5FA06B128E4706300BA72B6 /* SafariWebExtensionHandler.swift */; };
		B5FA070D28E4706300BA72B6 /* content.template.js in Resources */ = {isa = PBXBuildFile; fileRef = B5FA070528E4706300BA72B6 /* content.template.js */; };
		B5FA070E28E4706300BA72B6 /* background.js in Resources */ = {isa = PBXBuildFile; fileRef = B5FA070628E4706300BA72B6 /* background.js */; };
		B5FA070F28E4706300BA72B6 /* dist in Resources */ = {isa = PBXBuildFile; fileRef = B5FA070728E4706300BA72B6 /* dist */; };
		B5FA071128E4706300BA72B6 /* img in Resources */ = {isa = PBXBuildFile; fileRef = B5FA070928E4706300BA72B6 /* img */; };
		B5FA071228E4706300BA72B6 /* aws-sdk.js in Resources */ = {isa = PBXBuildFile; fileRef = B5FA070A28E4706300BA72B6 /* aws-sdk.js */; };
		B5FA071328E4706300BA72B6 /* manifest.json in Resources */ = {isa = PBXBuildFile; fileRef = B5FA070B28E4706300BA72B6 /* manifest.json */; };
		B5FA071428E4706300BA72B6 /* content.js in Resources */ = {isa = PBXBuildFile; fileRef = B5FA070C28E4706300BA72B6 /* content.js */; };
/* End PBXBuildFile section */

/* Begin PBXContainerItemProxy section */
		B5FA06E128E4706300BA72B6 /* PBXContainerItemProxy */ = {
			isa = PBXContainerItemProxy;
			containerPortal = B5FA06A328E4706200BA72B6 /* Project object */;
			proxyType = 1;
			remoteGlobalIDString = B5FA06DE28E4706300BA72B6;
			remoteInfo = "CloudTempo Extension (macOS)";
		};
/* End PBXContainerItemProxy section */

/* Begin PBXCopyFilesBuildPhase section */
		B5FA070028E4706300BA72B6 /* Embed Foundation Extensions */ = {
			isa = PBXCopyFilesBuildPhase;
			buildActionMask = 2147483647;
			dstPath = "";
			dstSubfolderSpec = 13;
			files = (
				B5FA06E028E4706300BA72B6 /* CloudTempo Extension.appex in Embed Foundation Extensions */,
			);
			name = "Embed Foundation Extensions";
			runOnlyForDeploymentPostprocessing = 0;
		};
/* End PBXCopyFilesBuildPhase section */

/* Begin PBXFileReference section */
		B548795C28E47226008CE1C0 /* icon.png */ = {isa = PBXFileReference; lastKnownFileType = image.png; name = icon.png; path = ../app/extension/icon.png; sourceTree = "<group>"; };
		B5FA06AA28E4706200BA72B6 /* Base */ = {isa = PBXFileReference; lastKnownFileType = text.html; name = Base; path = ../Base.lproj/Main.html; sourceTree = "<group>"; };
		B5FA06AB28E4706200BA72B6 /* Icon.png */ = {isa = PBXFileReference; lastKnownFileType = image.png; path = Icon.png; sourceTree = "<group>"; };
		B5FA06AC28E4706200BA72B6 /* Style.css */ = {isa = PBXFileReference; lastKnownFileType = text.css; path = Style.css; sourceTree = "<group>"; };
		B5FA06AD28E4706200BA72B6 /* Script.js */ = {isa = PBXFileReference; lastKnownFileType = sourcecode.javascript; path = Script.js; sourceTree = "<group>"; };
		B5FA06AE28E4706200BA72B6 /* ViewController.swift */ = {isa = PBXFileReference; lastKnownFileType = sourcecode.swift; path = ViewController.swift; sourceTree = "<group>"; };
		B5FA06AF28E4706300BA72B6 /* Assets.xcassets */ = {isa = PBXFileReference; lastKnownFileType = folder.assetcatalog; path = Assets.xcassets; sourceTree = "<group>"; };
		B5FA06B128E4706300BA72B6 /* SafariWebExtensionHandler.swift */ = {isa = PBXFileReference; lastKnownFileType = sourcecode.swift; path = SafariWebExtensionHandler.swift; sourceTree = "<group>"; };
		B5FA06B928E4706300BA72B6 /* AppDelegate.swift */ = {isa = PBXFileReference; lastKnownFileType = sourcecode.swift; path = AppDelegate.swift; sourceTree = "<group>"; };
		B5FA06BB28E4706300BA72B6 /* SceneDelegate.swift */ = {isa = PBXFileReference; lastKnownFileType = sourcecode.swift; path = SceneDelegate.swift; sourceTree = "<group>"; };
		B5FA06BE28E4706300BA72B6 /* Base */ = {isa = PBXFileReference; lastKnownFileType = file.storyboard; name = Base; path = Base.lproj/LaunchScreen.storyboard; sourceTree = "<group>"; };
		B5FA06C128E4706300BA72B6 /* Base */ = {isa = PBXFileReference; lastKnownFileType = file.storyboard; name = Base; path = Base.lproj/Main.storyboard; sourceTree = "<group>"; };
		B5FA06C328E4706300BA72B6 /* Info.plist */ = {isa = PBXFileReference; lastKnownFileType = text.plist.xml; path = Info.plist; sourceTree = "<group>"; };
		B5FA06C828E4706300BA72B6 /* CloudTempo.app */ = {isa = PBXFileReference; explicitFileType = wrapper.application; includeInIndex = 0; path = CloudTempo.app; sourceTree = BUILT_PRODUCTS_DIR; };
		B5FA06CA28E4706300BA72B6 /* AppDelegate.swift */ = {isa = PBXFileReference; lastKnownFileType = sourcecode.swift; path = AppDelegate.swift; sourceTree = "<group>"; };
		B5FA06CD28E4706300BA72B6 /* Base */ = {isa = PBXFileReference; lastKnownFileType = file.storyboard; name = Base; path = Base.lproj/Main.storyboard; sourceTree = "<group>"; };
		B5FA06CF28E4706300BA72B6 /* Info.plist */ = {isa = PBXFileReference; lastKnownFileType = text.plist.xml; path = Info.plist; sourceTree = "<group>"; };
		B5FA06D028E4706300BA72B6 /* CloudTempo.entitlements */ = {isa = PBXFileReference; lastKnownFileType = text.plist.entitlements; path = CloudTempo.entitlements; sourceTree = "<group>"; };
		B5FA06DA28E4706300BA72B6 /* Info.plist */ = {isa = PBXFileReference; lastKnownFileType = text.plist.xml; path = Info.plist; sourceTree = "<group>"; };
		B5FA06DF28E4706300BA72B6 /* CloudTempo Extension.appex */ = {isa = PBXFileReference; explicitFileType = "wrapper.app-extension"; includeInIndex = 0; path = "CloudTempo Extension.appex"; sourceTree = BUILT_PRODUCTS_DIR; };
		B5FA06E428E4706300BA72B6 /* Info.plist */ = {isa = PBXFileReference; lastKnownFileType = text.plist.xml; path = Info.plist; sourceTree = "<group>"; };
		B5FA06E528E4706300BA72B6 /* CloudTempo.entitlements */ = {isa = PBXFileReference; lastKnownFileType = text.plist.entitlements; path = CloudTempo.entitlements; sourceTree = "<group>"; };
		B5FA070528E4706300BA72B6 /* content.template.js */ = {isa = PBXFileReference; lastKnownFileType = sourcecode.javascript; name = content.template.js; path = ../../app/extension/content.template.js; sourceTree = "<group>"; };
		B5FA070628E4706300BA72B6 /* background.js */ = {isa = PBXFileReference; lastKnownFileType = sourcecode.javascript; name = background.js; path = ../../app/extension/background.js; sourceTree = "<group>"; };
		B5FA070728E4706300BA72B6 /* dist */ = {isa = PBXFileReference; lastKnownFileType = folder; name = dist; path = ../../app/extension/dist; sourceTree = "<group>"; };
		B5FA070828E4706300BA72B6 /* icon48.png */ = {isa = PBXFileReference; lastKnownFileType = image.png; name = icon48.png; path = ../../app/extension/icon48.png; sourceTree = "<group>"; };
		B5FA070928E4706300BA72B6 /* img */ = {isa = PBXFileReference; lastKnownFileType = folder; name = img; path = ../../app/extension/img; sourceTree = "<group>"; };
		B5FA070A28E4706300BA72B6 /* aws-sdk.js */ = {isa = PBXFileReference; lastKnownFileType = sourcecode.javascript; name = "aws-sdk.js"; path = "../../app/extension/aws-sdk.js"; sourceTree = "<group>"; };
		B5FA070B28E4706300BA72B6 /* manifest.json */ = {isa = PBXFileReference; lastKnownFileType = text.json; name = manifest.json; path = ../../app/extension/manifest.json; sourceTree = "<group>"; };
		B5FA070C28E4706300BA72B6 /* content.js */ = {isa = PBXFileReference; lastKnownFileType = sourcecode.javascript; name = content.js; path = ../../app/extension/content.js; sourceTree = "<group>"; };
/* End PBXFileReference section */

/* Begin PBXFrameworksBuildPhase section */
		B5FA06C528E4706300BA72B6 /* Frameworks */ = {
			isa = PBXFrameworksBuildPhase;
			buildActionMask = 2147483647;
			files = (
			);
			runOnlyForDeploymentPostprocessing = 0;
		};
		B5FA06DC28E4706300BA72B6 /* Frameworks */ = {
			isa = PBXFrameworksBuildPhase;
			buildActionMask = 2147483647;
			files = (
			);
			runOnlyForDeploymentPostprocessing = 0;
		};
/* End PBXFrameworksBuildPhase section */

/* Begin PBXGroup section */
		B5FA06A228E4706200BA72B6 = {
			isa = PBXGroup;
			children = (
				B548795C28E47226008CE1C0 /* icon.png */,
				B5FA06A728E4706200BA72B6 /* Shared (App) */,
				B5FA06B028E4706300BA72B6 /* Shared (Extension) */,
				B5FA06B828E4706300BA72B6 /* iOS (App) */,
				B5FA06C928E4706300BA72B6 /* macOS (App) */,
				B5FA06D928E4706300BA72B6 /* iOS (Extension) */,
				B5FA06E328E4706300BA72B6 /* macOS (Extension) */,
				B5FA06B728E4706300BA72B6 /* Products */,
			);
			sourceTree = "<group>";
		};
		B5FA06A728E4706200BA72B6 /* Shared (App) */ = {
			isa = PBXGroup;
			children = (
				B5FA06AE28E4706200BA72B6 /* ViewController.swift */,
				B5FA06AF28E4706300BA72B6 /* Assets.xcassets */,
				B5FA06A828E4706200BA72B6 /* Resources */,
			);
			path = "Shared (App)";
			sourceTree = "<group>";
		};
		B5FA06A828E4706200BA72B6 /* Resources */ = {
			isa = PBXGroup;
			children = (
				B5FA06A928E4706200BA72B6 /* Main.html */,
				B5FA06AB28E4706200BA72B6 /* Icon.png */,
				B5FA06AC28E4706200BA72B6 /* Style.css */,
				B5FA06AD28E4706200BA72B6 /* Script.js */,
			);
			path = Resources;
			sourceTree = "<group>";
		};
		B5FA06B028E4706300BA72B6 /* Shared (Extension) */ = {
			isa = PBXGroup;
			children = (
				B5FA070428E4706300BA72B6 /* Resources */,
				B5FA06B128E4706300BA72B6 /* SafariWebExtensionHandler.swift */,
			);
			path = "Shared (Extension)";
			sourceTree = "<group>";
		};
		B5FA06B728E4706300BA72B6 /* Products */ = {
			isa = PBXGroup;
			children = (
				B5FA06C828E4706300BA72B6 /* CloudTempo.app */,
				B5FA06DF28E4706300BA72B6 /* CloudTempo Extension.appex */,
			);
			name = Products;
			sourceTree = "<group>";
		};
		B5FA06B828E4706300BA72B6 /* iOS (App) */ = {
			isa = PBXGroup;
			children = (
				B5FA06B928E4706300BA72B6 /* AppDelegate.swift */,
				B5FA06BB28E4706300BA72B6 /* SceneDelegate.swift */,
				B5FA06BD28E4706300BA72B6 /* LaunchScreen.storyboard */,
				B5FA06C028E4706300BA72B6 /* Main.storyboard */,
				B5FA06C328E4706300BA72B6 /* Info.plist */,
			);
			path = "iOS (App)";
			sourceTree = "<group>";
		};
		B5FA06C928E4706300BA72B6 /* macOS (App) */ = {
			isa = PBXGroup;
			children = (
				B5FA06CA28E4706300BA72B6 /* AppDelegate.swift */,
				B5FA06CC28E4706300BA72B6 /* Main.storyboard */,
				B5FA06CF28E4706300BA72B6 /* Info.plist */,
				B5FA06D028E4706300BA72B6 /* CloudTempo.entitlements */,
			);
			path = "macOS (App)";
			sourceTree = "<group>";
		};
		B5FA06D928E4706300BA72B6 /* iOS (Extension) */ = {
			isa = PBXGroup;
			children = (
				B5FA06DA28E4706300BA72B6 /* Info.plist */,
			);
			path = "iOS (Extension)";
			sourceTree = "<group>";
		};
		B5FA06E328E4706300BA72B6 /* macOS (Extension) */ = {
			isa = PBXGroup;
			children = (
				B5FA06E428E4706300BA72B6 /* Info.plist */,
				B5FA06E528E4706300BA72B6 /* CloudTempo.entitlements */,
			);
			path = "macOS (Extension)";
			sourceTree = "<group>";
		};
		B5FA070428E4706300BA72B6 /* Resources */ = {
			isa = PBXGroup;
			children = (
				B5FA070528E4706300BA72B6 /* content.template.js */,
				B5FA070628E4706300BA72B6 /* background.js */,
				B5FA070728E4706300BA72B6 /* dist */,
				B5FA070828E4706300BA72B6 /* icon48.png */,
				B5FA070928E4706300BA72B6 /* img */,
				B5FA070A28E4706300BA72B6 /* aws-sdk.js */,
				B5FA070B28E4706300BA72B6 /* manifest.json */,
				B5FA070C28E4706300BA72B6 /* content.js */,
			);
			name = Resources;
			path = "Shared (Extension)";
			sourceTree = SOURCE_ROOT;
		};
/* End PBXGroup section */

/* Begin PBXNativeTarget section */
		B5FA06C728E4706300BA72B6 /* CloudTempo (macOS) */ = {
			isa = PBXNativeTarget;
			buildConfigurationList = B5FA070128E4706300BA72B6 /* Build configuration list for PBXNativeTarget "CloudTempo (macOS)" */;
			buildPhases = (
				B5FA06C428E4706300BA72B6 /* Sources */,
				B5FA06C528E4706300BA72B6 /* Frameworks */,
				B5FA06C628E4706300BA72B6 /* Resources */,
				B5FA070028E4706300BA72B6 /* Embed Foundation Extensions */,
			);
			buildRules = (
			);
			dependencies = (
				B5FA06E228E4706300BA72B6 /* PBXTargetDependency */,
			);
			name = "CloudTempo (macOS)";
			productName = "CloudTempo (macOS)";
			productReference = B5FA06C828E4706300BA72B6 /* CloudTempo.app */;
			productType = "com.apple.product-type.application";
		};
		B5FA06DE28E4706300BA72B6 /* CloudTempo Extension (macOS) */ = {
			isa = PBXNativeTarget;
			buildConfigurationList = B5FA06FD28E4706300BA72B6 /* Build configuration list for PBXNativeTarget "CloudTempo Extension (macOS)" */;
			buildPhases = (
				B5FA06DB28E4706300BA72B6 /* Sources */,
				B5FA06DC28E4706300BA72B6 /* Frameworks */,
				B5FA06DD28E4706300BA72B6 /* Resources */,
			);
			buildRules = (
			);
			dependencies = (
			);
			name = "CloudTempo Extension (macOS)";
			productName = "CloudTempo Extension (macOS)";
			productReference = B5FA06DF28E4706300BA72B6 /* CloudTempo Extension.appex */;
			productType = "com.apple.product-type.app-extension";
		};
/* End PBXNativeTarget section */

/* Begin PBXProject section */
		B5FA06A328E4706200BA72B6 /* Project object */ = {
			isa = PBXProject;
			attributes = {
				BuildIndependentTargetsInParallel = 1;
				LastSwiftUpdateCheck = 1400;
				LastUpgradeCheck = 1400;
				TargetAttributes = {
					B5FA06C728E4706300BA72B6 = {
						CreatedOnToolsVersion = 14.0.1;
					};
					B5FA06DE28E4706300BA72B6 = {
						CreatedOnToolsVersion = 14.0.1;
					};
				};
			};
			buildConfigurationList = B5FA06A628E4706200BA72B6 /* Build configuration list for PBXProject "CloudTempo" */;
			compatibilityVersion = "Xcode 14.0";
			developmentRegion = en;
			hasScannedForEncodings = 0;
			knownRegions = (
				en,
				Base,
			);
			mainGroup = B5FA06A228E4706200BA72B6;
			productRefGroup = B5FA06B728E4706300BA72B6 /* Products */;
			projectDirPath = "";
			projectRoot = "";
			targets = (
				B5FA06C728E4706300BA72B6 /* CloudTempo (macOS) */,
				B5FA06DE28E4706300BA72B6 /* CloudTempo Extension (macOS) */,
			);
		};
/* End PBXProject section */

/* Begin PBXResourcesBuildPhase section */
		B5FA06C628E4706300BA72B6 /* Resources */ = {
			isa = PBXResourcesBuildPhase;
			buildActionMask = 2147483647;
			files = (
				B5FA06E928E4706300BA72B6 /* Icon.png in Resources */,
				B5FA06EB28E4706300BA72B6 /* Style.css in Resources */,
				B5FA06CE28E4706300BA72B6 /* Main.storyboard in Resources */,
				B5FA06ED28E4706300BA72B6 /* Script.js in Resources */,
				B5FA06F128E4706300BA72B6 /* Assets.xcassets in Resources */,
				B5FA06E728E4706300BA72B6 /* Main.html in Resources */,
			);
			runOnlyForDeploymentPostprocessing = 0;
		};
		B5FA06DD28E4706300BA72B6 /* Resources */ = {
			isa = PBXResourcesBuildPhase;
			buildActionMask = 2147483647;
			files = (
				B548795D28E47226008CE1C0 /* icon.png in Resources */,
				B5FA071428E4706300BA72B6 /* content.js in Resources */,
				B5FA071128E4706300BA72B6 /* img in Resources */,
				B5FA071328E4706300BA72B6 /* manifest.json in Resources */,
				B5FA070F28E4706300BA72B6 /* dist in Resources */,
				B5FA070E28E4706300BA72B6 /* background.js in Resources */,
				B5FA071228E4706300BA72B6 /* aws-sdk.js in Resources */,
				B5FA070D28E4706300BA72B6 /* content.template.js in Resources */,
			);
			runOnlyForDeploymentPostprocessing = 0;
		};
/* End PBXResourcesBuildPhase section */

/* Begin PBXSourcesBuildPhase section */
		B5FA06C428E4706300BA72B6 /* Sources */ = {
			isa = PBXSourcesBuildPhase;
			buildActionMask = 2147483647;
			files = (
				B5FA06EF28E4706300BA72B6 /* ViewController.swift in Sources */,
				B5FA06CB28E4706300BA72B6 /* AppDelegate.swift in Sources */,
			);
			runOnlyForDeploymentPostprocessing = 0;
		};
		B5FA06DB28E4706300BA72B6 /* Sources */ = {
			isa = PBXSourcesBuildPhase;
			buildActionMask = 2147483647;
			files = (
				B5FA06F328E4706300BA72B6 /* SafariWebExtensionHandler.swift in Sources */,
			);
			runOnlyForDeploymentPostprocessing = 0;
		};
/* End PBXSourcesBuildPhase section */

/* Begin PBXTargetDependency section */
		B5FA06E228E4706300BA72B6 /* PBXTargetDependency */ = {
			isa = PBXTargetDependency;
			target = B5FA06DE28E4706300BA72B6 /* CloudTempo Extension (macOS) */;
			targetProxy = B5FA06E128E4706300BA72B6 /* PBXContainerItemProxy */;
		};
/* End PBXTargetDependency section */

/* Begin PBXVariantGroup section */
		B5FA06A928E4706200BA72B6 /* Main.html */ = {
			isa = PBXVariantGroup;
			children = (
				B5FA06AA28E4706200BA72B6 /* Base */,
			);
			name = Main.html;
			sourceTree = "<group>";
		};
		B5FA06BD28E4706300BA72B6 /* LaunchScreen.storyboard */ = {
			isa = PBXVariantGroup;
			children = (
				B5FA06BE28E4706300BA72B6 /* Base */,
			);
			name = LaunchScreen.storyboard;
			sourceTree = "<group>";
		};
		B5FA06C028E4706300BA72B6 /* Main.storyboard */ = {
			isa = PBXVariantGroup;
			children = (
				B5FA06C128E4706300BA72B6 /* Base */,
			);
			name = Main.storyboard;
			sourceTree = "<group>";
		};
		B5FA06CC28E4706300BA72B6 /* Main.storyboard */ = {
			isa = PBXVariantGroup;
			children = (
				B5FA06CD28E4706300BA72B6 /* Base */,
			);
			name = Main.storyboard;
			sourceTree = "<group>";
		};
/* End PBXVariantGroup section */

/* Begin XCBuildConfiguration section */
		B5FA06F428E4706300BA72B6 /* Debug */ = {
			isa = XCBuildConfiguration;
			buildSettings = {
				ALWAYS_SEARCH_USER_PATHS = NO;
				CLANG_ANALYZER_NONNULL = YES;
				CLANG_ANALYZER_NUMBER_OBJECT_CONVERSION = YES_AGGRESSIVE;
				CLANG_CXX_LANGUAGE_STANDARD = "gnu++20";
				CLANG_ENABLE_MODULES = YES;
				CLANG_ENABLE_OBJC_ARC = YES;
				CLANG_ENABLE_OBJC_WEAK = YES;
				CLANG_WARN_BLOCK_CAPTURE_AUTORELEASING = YES;
				CLANG_WARN_BOOL_CONVERSION = YES;
				CLANG_WARN_COMMA = YES;
				CLANG_WARN_CONSTANT_CONVERSION = YES;
				CLANG_WARN_DEPRECATED_OBJC_IMPLEMENTATIONS = YES;
				CLANG_WARN_DIRECT_OBJC_ISA_USAGE = YES_ERROR;
				CLANG_WARN_DOCUMENTATION_COMMENTS = YES;
				CLANG_WARN_EMPTY_BODY = YES;
				CLANG_WARN_ENUM_CONVERSION = YES;
				CLANG_WARN_INFINITE_RECURSION = YES;
				CLANG_WARN_INT_CONVERSION = YES;
				CLANG_WARN_NON_LITERAL_NULL_CONVERSION = YES;
				CLANG_WARN_OBJC_IMPLICIT_RETAIN_SELF = YES;
				CLANG_WARN_OBJC_LITERAL_CONVERSION = YES;
				CLANG_WARN_OBJC_ROOT_CLASS = YES_ERROR;
				CLANG_WARN_QUOTED_INCLUDE_IN_FRAMEWORK_HEADER = YES;
				CLANG_WARN_RANGE_LOOP_ANALYSIS = YES;
				CLANG_WARN_STRICT_PROTOTYPES = YES;
				CLANG_WARN_SUSPICIOUS_MOVE = YES;
				CLANG_WARN_UNGUARDED_AVAILABILITY = YES_AGGRESSIVE;
				CLANG_WARN_UNREACHABLE_CODE = YES;
				CLANG_WARN__DUPLICATE_METHOD_MATCH = YES;
				COPY_PHASE_STRIP = NO;
				DEBUG_INFORMATION_FORMAT = dwarf;
				ENABLE_STRICT_OBJC_MSGSEND = YES;
				ENABLE_TESTABILITY = YES;
				GCC_C_LANGUAGE_STANDARD = gnu11;
				GCC_DYNAMIC_NO_PIC = NO;
				GCC_NO_COMMON_BLOCKS = YES;
				GCC_OPTIMIZATION_LEVEL = 0;
				GCC_PREPROCESSOR_DEFINITIONS = (
					"DEBUG=1",
					"$(inherited)",
				);
				GCC_WARN_64_TO_32_BIT_CONVERSION = YES;
				GCC_WARN_ABOUT_RETURN_TYPE = YES_ERROR;
				GCC_WARN_UNDECLARED_SELECTOR = YES;
				GCC_WARN_UNINITIALIZED_AUTOS = YES_AGGRESSIVE;
				GCC_WARN_UNUSED_FUNCTION = YES;
				GCC_WARN_UNUSED_VARIABLE = YES;
				MACOSX_DEPLOYMENT_TARGET = 11.2;
				MTL_ENABLE_DEBUG_INFO = INCLUDE_SOURCE;
				MTL_FAST_MATH = YES;
				ONLY_ACTIVE_ARCH = YES;
				SWIFT_ACTIVE_COMPILATION_CONDITIONS = DEBUG;
				SWIFT_OPTIMIZATION_LEVEL = "-Onone";
			};
			name = Debug;
		};
		B5FA06F528E4706300BA72B6 /* Release */ = {
			isa = XCBuildConfiguration;
			buildSettings = {
				ALWAYS_SEARCH_USER_PATHS = NO;
				CLANG_ANALYZER_NONNULL = YES;
				CLANG_ANALYZER_NUMBER_OBJECT_CONVERSION = YES_AGGRESSIVE;
				CLANG_CXX_LANGUAGE_STANDARD = "gnu++20";
				CLANG_ENABLE_MODULES = YES;
				CLANG_ENABLE_OBJC_ARC = YES;
				CLANG_ENABLE_OBJC_WEAK = YES;
				CLANG_WARN_BLOCK_CAPTURE_AUTORELEASING = YES;
				CLANG_WARN_BOOL_CONVERSION = YES;
				CLANG_WARN_COMMA = YES;
				CLANG_WARN_CONSTANT_CONVERSION = YES;
				CLANG_WARN_DEPRECATED_OBJC_IMPLEMENTATIONS = YES;
				CLANG_WARN_DIRECT_OBJC_ISA_USAGE = YES_ERROR;
				CLANG_WARN_DOCUMENTATION_COMMENTS = YES;
				CLANG_WARN_EMPTY_BODY = YES;
				CLANG_WARN_ENUM_CONVERSION = YES;
				CLANG_WARN_INFINITE_RECURSION = YES;
				CLANG_WARN_INT_CONVERSION = YES;
				CLANG_WARN_NON_LITERAL_NULL_CONVERSION = YES;
				CLANG_WARN_OBJC_IMPLICIT_RETAIN_SELF = YES;
				CLANG_WARN_OBJC_LITERAL_CONVERSION = YES;
				CLANG_WARN_OBJC_ROOT_CLASS = YES_ERROR;
				CLANG_WARN_QUOTED_INCLUDE_IN_FRAMEWORK_HEADER = YES;
				CLANG_WARN_RANGE_LOOP_ANALYSIS = YES;
				CLANG_WARN_STRICT_PROTOTYPES = YES;
				CLANG_WARN_SUSPICIOUS_MOVE = YES;
				CLANG_WARN_UNGUARDED_AVAILABILITY = YES_AGGRESSIVE;
				CLANG_WARN_UNREACHABLE_CODE = YES;
				CLANG_WARN__DUPLICATE_METHOD_MATCH = YES;
				COPY_PHASE_STRIP = NO;
				DEBUG_INFORMATION_FORMAT = "dwarf-with-dsym";
				ENABLE_NS_ASSERTIONS = NO;
				ENABLE_STRICT_OBJC_MSGSEND = YES;
				GCC_C_LANGUAGE_STANDARD = gnu11;
				GCC_NO_COMMON_BLOCKS = YES;
				GCC_WARN_64_TO_32_BIT_CONVERSION = YES;
				GCC_WARN_ABOUT_RETURN_TYPE = YES_ERROR;
				GCC_WARN_UNDECLARED_SELECTOR = YES;
				GCC_WARN_UNINITIALIZED_AUTOS = YES_AGGRESSIVE;
				GCC_WARN_UNUSED_FUNCTION = YES;
				GCC_WARN_UNUSED_VARIABLE = YES;
				MACOSX_DEPLOYMENT_TARGET = 11.2;
				MTL_ENABLE_DEBUG_INFO = NO;
				MTL_FAST_MATH = YES;
				SWIFT_COMPILATION_MODE = wholemodule;
				SWIFT_OPTIMIZATION_LEVEL = "-O";
			};
			name = Release;
		};
		B5FA06FE28E4706300BA72B6 /* Debug */ = {
			isa = XCBuildConfiguration;
			buildSettings = {
				CODE_SIGN_ENTITLEMENTS = "macOS (Extension)/CloudTempo.entitlements";
				CODE_SIGN_STYLE = Automatic;
				CURRENT_PROJECT_VERSION = 1;
				DEVELOPMENT_TEAM = F4C734MPM2;
				ENABLE_HARDENED_RUNTIME = YES;
				GENERATE_INFOPLIST_FILE = YES;
				INFOPLIST_FILE = "macOS (Extension)/Info.plist";
				INFOPLIST_KEY_CFBundleDisplayName = "CloudTempo Extension";
				INFOPLIST_KEY_NSHumanReadableCopyright = "";
				LD_RUNPATH_SEARCH_PATHS = (
					"$(inherited)",
					"@executable_path/../Frameworks",
					"@executable_path/../../../../Frameworks",
				);
				MACOSX_DEPLOYMENT_TARGET = 10.14;
				MARKETING_VERSION = 1.0;
				OTHER_LDFLAGS = (
					"-framework",
					SafariServices,
				);
				PRODUCT_BUNDLE_IDENTIFIER = dev.cloudtempo.CloudTempo.Extension;
				PRODUCT_NAME = "CloudTempo Extension";
				SDKROOT = macosx;
				SKIP_INSTALL = YES;
				SWIFT_EMIT_LOC_STRINGS = YES;
				SWIFT_VERSION = 5.0;
			};
			name = Debug;
		};
		B5FA06FF28E4706300BA72B6 /* Release */ = {
			isa = XCBuildConfiguration;
			buildSettings = {
				CODE_SIGN_ENTITLEMENTS = "macOS (Extension)/CloudTempo.entitlements";
				CODE_SIGN_STYLE = Automatic;
				CURRENT_PROJECT_VERSION = 1;
				DEVELOPMENT_TEAM = F4C734MPM2;
				ENABLE_HARDENED_RUNTIME = YES;
				GENERATE_INFOPLIST_FILE = YES;
				INFOPLIST_FILE = "macOS (Extension)/Info.plist";
				INFOPLIST_KEY_CFBundleDisplayName = "CloudTempo Extension";
				INFOPLIST_KEY_NSHumanReadableCopyright = "";
				LD_RUNPATH_SEARCH_PATHS = (
					"$(inherited)",
					"@executable_path/../Frameworks",
					"@executable_path/../../../../Frameworks",
				);
				MACOSX_DEPLOYMENT_TARGET = 10.14;
				MARKETING_VERSION = 1.0;
				OTHER_LDFLAGS = (
					"-framework",
					SafariServices,
				);
				PRODUCT_BUNDLE_IDENTIFIER = dev.cloudtempo.CloudTempo.Extension;
				PRODUCT_NAME = "CloudTempo Extension";
				SDKROOT = macosx;
				SKIP_INSTALL = YES;
				SWIFT_EMIT_LOC_STRINGS = YES;
				SWIFT_VERSION = 5.0;
			};
			name = Release;
		};
		B5FA070228E4706300BA72B6 /* Debug */ = {
			isa = XCBuildConfiguration;
			buildSettings = {
				ALWAYS_EMBED_SWIFT_STANDARD_LIBRARIES = YES;
				ASSETCATALOG_COMPILER_APPICON_NAME = AppIcon;
				ASSETCATALOG_COMPILER_GLOBAL_ACCENT_COLOR_NAME = AccentColor;
				CODE_SIGN_ENTITLEMENTS = "macOS (App)/CloudTempo.entitlements";
				CODE_SIGN_STYLE = Automatic;
				CURRENT_PROJECT_VERSION = 1;
				DEVELOPMENT_TEAM = F4C734MPM2;
				ENABLE_HARDENED_RUNTIME = YES;
				GENERATE_INFOPLIST_FILE = YES;
				INFOPLIST_FILE = "macOS (App)/Info.plist";
				INFOPLIST_KEY_CFBundleDisplayName = CloudTempo;
				INFOPLIST_KEY_NSMainStoryboardFile = Main;
				INFOPLIST_KEY_NSPrincipalClass = NSApplication;
				LD_RUNPATH_SEARCH_PATHS = (
					"$(inherited)",
					"@executable_path/../Frameworks",
				);
				MACOSX_DEPLOYMENT_TARGET = 10.14;
				MARKETING_VERSION = 1.0;
				OTHER_LDFLAGS = (
					"-framework",
					SafariServices,
					"-framework",
					WebKit,
				);
				PRODUCT_BUNDLE_IDENTIFIER = dev.cloudtempo.CloudTempo;
				PRODUCT_NAME = CloudTempo;
				SDKROOT = macosx;
				SWIFT_EMIT_LOC_STRINGS = YES;
				SWIFT_VERSION = 5.0;
			};
			name = Debug;
		};
		B5FA070328E4706300BA72B6 /* Release */ = {
			isa = XCBuildConfiguration;
			buildSettings = {
				ALWAYS_EMBED_SWIFT_STANDARD_LIBRARIES = YES;
				ASSETCATALOG_COMPILER_APPICON_NAME = AppIcon;
				ASSETCATALOG_COMPILER_GLOBAL_ACCENT_COLOR_NAME = AccentColor;
				CODE_SIGN_ENTITLEMENTS = "macOS (App)/CloudTempo.entitlements";
				CODE_SIGN_STYLE = Automatic;
				CURRENT_PROJECT_VERSION = 1;
				DEVELOPMENT_TEAM = F4C734MPM2;
				ENABLE_HARDENED_RUNTIME = YES;
				GENERATE_INFOPLIST_FILE = YES;
				INFOPLIST_FILE = "macOS (App)/Info.plist";
				INFOPLIST_KEY_CFBundleDisplayName = CloudTempo;
				INFOPLIST_KEY_NSMainStoryboardFile = Main;
				INFOPLIST_KEY_NSPrincipalClass = NSApplication;
				LD_RUNPATH_SEARCH_PATHS = (
					"$(inherited)",
					"@executable_path/../Frameworks",
				);
				MACOSX_DEPLOYMENT_TARGET = 10.14;
				MARKETING_VERSION = 1.0;
				OTHER_LDFLAGS = (
					"-framework",
					SafariServices,
					"-framework",
					WebKit,
				);
				PRODUCT_BUNDLE_IDENTIFIER = dev.cloudtempo.CloudTempo;
				PRODUCT_NAME = CloudTempo;
				SDKROOT = macosx;
				SWIFT_EMIT_LOC_STRINGS = YES;
				SWIFT_VERSION = 5.0;
			};
			name = Release;
		};
/* End XCBuildConfiguration section */

/* Begin XCConfigurationList section */
		B5FA06A628E4706200BA72B6 /* Build configuration list for PBXProject "CloudTempo" */ = {
			isa = XCConfigurationList;
			buildConfigurations = (
				B5FA06F428E4706300BA72B6 /* Debug */,
				B5FA06F528E4706300BA72B6 /* Release */,
			);
			defaultConfigurationIsVisible = 0;
			defaultConfigurationName = Release;
		};
		B5FA06FD28E4706300BA72B6 /* Build configuration list for PBXNativeTarget "CloudTempo Extension (macOS)" */ = {
			isa = XCConfigurationList;
			buildConfigurations = (
				B5FA06FE28E4706300BA72B6 /* Debug */,
				B5FA06FF28E4706300BA72B6 /* Release */,
			);
			defaultConfigurationIsVisible = 0;
			defaultConfigurationName = Release;
		};
		B5FA070128E4706300BA72B6 /* Build configuration list for PBXNativeTarget "CloudTempo (macOS)" */ = {
			isa = XCConfigurationList;
			buildConfigurations = (
				B5FA070228E4706300BA72B6 /* Debug */,
				B5FA070328E4706300BA72B6 /* Release */,
			);
			defaultConfigurationIsVisible = 0;
			defaultConfigurationName = Release;
		};
/* End XCConfigurationList section */
	};
	rootObject = B5FA06A328E4706200BA72B6 /* Project object */;
}
